
Microsoft Visual Studio Solution File, Format Version 12.00
# Visual Studio Version 17
VisualStudioVersion = 17.10.35122.118
MinimumVisualStudioVersion = 10.0.40219.1
Project("{FAE04EC0-301F-11D3-BF4B-00C04F79EFBC}") = "TestApi", "TestApi\TestApi.csproj", "{0F28678A-65C0-4739-B102-B0DD49F2BA0E}"
EndProject
Global
	GlobalSection(SolutionConfigurationPlatforms) = preSolution
		Debug|Any CPU = Debug|Any CPU
		Release|Any CPU = Release|Any CPU
	EndGlobalSection
	GlobalSection(ProjectConfigurationPlatforms) = postSolution
		{0F28678A-65C0-4739-B102-B0DD49F2BA0E}.Debug|Any CPU.ActiveCfg = Debug|Any CPU
		{0F28678A-65C0-4739-B102-B0DD49F2BA0E}.Debug|Any CPU.Build.0 = Debug|Any CPU
		{0F28678A-65C0-4739-B102-B0DD49F2BA0E}.Release|Any CPU.ActiveCfg = Release|Any CPU
		{0F28678A-65C0-4739-B102-B0DD49F2BA0E}.Release|Any CPU.Build.0 = Release|Any CPU
	EndGlobalSection
	GlobalSection(SolutionProperties) = preSolution
		HideSolutionNode = FALSE
	EndGlobalSection
	GlobalSection(ExtensibilityGlobals) = postSolution
		SolutionGuid = {731C2DB2-03EB-47D3-AE7F-F91C8931703B}
	EndGlobalSection
EndGlobal
